
Microsoft Visual Studio Solution File, Format Version 12.00
# Visual Studio Version 16
VisualStudioVersion = 16.0.29403.142
MinimumVisualStudioVersion = 15.0.26124.0
Project("{9A19103F-16F7-4668-BE54-9A1E7A4F7556}") = "Test1", "Test1\Test1.csproj", "{D867260C-2E30-472E-8B4F-5A276EB1B36E}"
EndProject
Project("{9A19103F-16F7-4668-BE54-9A1E7A4F7556}") = "Api1", "Api1\Api1.csproj", "{4E7A133C-D704-4D5C-8E62-9384ED168208}"
EndProject
Project("{2150E333-8FDC-42A3-9474-1A3956D46DE8}") = "Solution Items", "Solution Items", "{E3F5F730-097D-4F9B-BE73-1FB1012926F9}"
	ProjectSection(SolutionItems) = preProject
		Directory.Build.props = Directory.Build.props
	EndProjectSection
EndProject
Global
	GlobalSection(SolutionConfigurationPlatforms) = preSolution
		Debug|Any CPU = Debug|Any CPU
		Debug|x64 = Debug|x64
		Debug|x86 = Debug|x86
		Release|Any CPU = Release|Any CPU
		Release|x64 = Release|x64
		Release|x86 = Release|x86
	EndGlobalSection
	GlobalSection(ProjectConfigurationPlatforms) = postSolution
		{D867260C-2E30-472E-8B4F-5A276EB1B36E}.Debug|Any CPU.ActiveCfg = Debug|Any CPU
		{D867260C-2E30-472E-8B4F-5A276EB1B36E}.Debug|Any CPU.Build.0 = Debug|Any CPU
		{D867260C-2E30-472E-8B4F-5A276EB1B36E}.Debug|x64.ActiveCfg = Debug|Any CPU
		{D867260C-2E30-472E-8B4F-5A276EB1B36E}.Debug|x64.Build.0 = Debug|Any CPU
		{D867260C-2E30-472E-8B4F-5A276EB1B36E}.Debug|x86.ActiveCfg = Debug|Any CPU
		{D867260C-2E30-472E-8B4F-5A276EB1B36E}.Debug|x86.Build.0 = Debug|Any CPU
		{D867260C-2E30-472E-8B4F-5A276EB1B36E}.Release|Any CPU.ActiveCfg = Release|Any CPU
		{D867260C-2E30-472E-8B4F-5A276EB1B36E}.Release|Any CPU.Build.0 = Release|Any CPU
		{D867260C-2E30-472E-8B4F-5A276EB1B36E}.Release|x64.ActiveCfg = Release|Any CPU
		{D867260C-2E30-472E-8B4F-5A276EB1B36E}.Release|x64.Build.0 = Release|Any CPU
		{D867260C-2E30-472E-8B4F-5A276EB1B36E}.Release|x86.ActiveCfg = Release|Any CPU
		{D867260C-2E30-472E-8B4F-5A276EB1B36E}.Release|x86.Build.0 = Release|Any CPU
		{4E7A133C-D704-4D5C-8E62-9384ED168208}.Debug|Any CPU.ActiveCfg = Debug|Any CPU
		{4E7A133C-D704-4D5C-8E62-9384ED168208}.Debug|Any CPU.Build.0 = Debug|Any CPU
		{4E7A133C-D704-4D5C-8E62-9384ED168208}.Debug|x64.ActiveCfg = Debug|Any CPU
		{4E7A133C-D704-4D5C-8E62-9384ED168208}.Debug|x64.Build.0 = Debug|Any CPU
		{4E7A133C-D704-4D5C-8E62-9384ED168208}.Debug|x86.ActiveCfg = Debug|Any CPU
		{4E7A133C-D704-4D5C-8E62-9384ED168208}.Debug|x86.Build.0 = Debug|Any CPU
		{4E7A133C-D704-4D5C-8E62-9384ED168208}.Release|Any CPU.ActiveCfg = Release|Any CPU
		{4E7A133C-D704-4D5C-8E62-9384ED168208}.Release|Any CPU.Build.0 = Release|Any CPU
		{4E7A133C-D704-4D5C-8E62-9384ED168208}.Release|x64.ActiveCfg = Release|Any CPU
		{4E7A133C-D704-4D5C-8E62-9384ED168208}.Release|x64.Build.0 = Release|Any CPU
		{4E7A133C-D704-4D5C-8E62-9384ED168208}.Release|x86.ActiveCfg = Release|Any CPU
		{4E7A133C-D704-4D5C-8E62-9384ED168208}.Release|x86.Build.0 = Release|Any CPU
	EndGlobalSection
	GlobalSection(SolutionProperties) = preSolution
		HideSolutionNode = FALSE
	EndGlobalSection
	GlobalSection(ExtensibilityGlobals) = postSolution
		SolutionGuid = {EED44F83-B939-4E0C-AAF0-0320E5A9F947}
	EndGlobalSection
EndGlobal
